
Microsoft Visual Studio Solution File, Format Version 12.00
# Visual Studio Version 17
VisualStudioVersion = 17.5.33530.505
MinimumVisualStudioVersion = 10.0.40219.1
Project("{9A19103F-16F7-4668-BE54-9A1E7A4F7556}") = "DP.Base", "DP.Base\DP.Base.csproj", "{A5ADED6D-1672-4F8B-A090-7C4E792A8F97}"
EndProject
Project("{9A19103F-16F7-4668-BE54-9A1E7A4F7556}") = "DP.Base.Contracts", "DP.Base.Contracts\DP.Base.Contracts.csproj", "{68287788-1999-4424-92B9-D11C039E0A81}"
EndProject
Project("{9A19103F-16F7-4668-BE54-9A1E7A4F7556}") = "DP.Base.Test", "DP.Base.Test\DP.Base.Test.csproj", "{4D7962A8-EDBF-4DC0-AD3D-B6B2425B04AD}"
EndProject
Project("{9A19103F-16F7-4668-BE54-9A1E7A4F7556}") = "DurableFunctionsCommon", "EEDurableFunctionsCommon\DurableFunctionsCommon.csproj", "{49C1971E-CED6-481C-AFDA-860E18BBC502}"
EndProject
Project("{9A19103F-16F7-4668-BE54-9A1E7A4F7556}") = "Ingress.Lib.Base", "Ingress.Lib.Base\Ingress.Lib.Base.csproj", "{3F9E98C4-B359-4EA3-8127-D2DE027806F5}"
EndProject
Global
	GlobalSection(SolutionConfigurationPlatforms) = preSolution
		AppsDebug|Any CPU = AppsDebug|Any CPU
		AppsDebug|x64 = AppsDebug|x64
		AppsRelease|Any CPU = AppsRelease|Any CPU
		AppsRelease|x64 = AppsRelease|x64
		ContractsDebug|Any CPU = ContractsDebug|Any CPU
		ContractsDebug|x64 = ContractsDebug|x64
		ContractsRelease|Any CPU = ContractsRelease|Any CPU
		ContractsRelease|x64 = ContractsRelease|x64
		Debug|Any CPU = Debug|Any CPU
		Debug|x64 = Debug|x64
		ImplDebug|Any CPU = ImplDebug|Any CPU
		ImplDebug|x64 = ImplDebug|x64
		ImplRelease|Any CPU = ImplRelease|Any CPU
		ImplRelease|x64 = ImplRelease|x64
		Release|Any CPU = Release|Any CPU
		Release|x64 = Release|x64
	EndGlobalSection
	GlobalSection(ProjectConfigurationPlatforms) = postSolution
		{A5ADED6D-1672-4F8B-A090-7C4E792A8F97}.AppsDebug|Any CPU.ActiveCfg = AppsDebug|x64
		{A5ADED6D-1672-4F8B-A090-7C4E792A8F97}.AppsDebug|Any CPU.Build.0 = AppsDebug|x64
		{A5ADED6D-1672-4F8B-A090-7C4E792A8F97}.AppsDebug|x64.ActiveCfg = AppsDebug|x64
		{A5ADED6D-1672-4F8B-A090-7C4E792A8F97}.AppsDebug|x64.Build.0 = AppsDebug|x64
		{A5ADED6D-1672-4F8B-A090-7C4E792A8F97}.AppsRelease|Any CPU.ActiveCfg = AppsRelease|x64
		{A5ADED6D-1672-4F8B-A090-7C4E792A8F97}.AppsRelease|Any CPU.Build.0 = AppsRelease|x64
		{A5ADED6D-1672-4F8B-A090-7C4E792A8F97}.AppsRelease|x64.ActiveCfg = AppsRelease|x64
		{A5ADED6D-1672-4F8B-A090-7C4E792A8F97}.AppsRelease|x64.Build.0 = AppsRelease|x64
		{A5ADED6D-1672-4F8B-A090-7C4E792A8F97}.ContractsDebug|Any CPU.ActiveCfg = ContractsDebug|x64
		{A5ADED6D-1672-4F8B-A090-7C4E792A8F97}.ContractsDebug|Any CPU.Build.0 = ContractsDebug|x64
		{A5ADED6D-1672-4F8B-A090-7C4E792A8F97}.ContractsDebug|x64.ActiveCfg = ContractsDebug|x64
		{A5ADED6D-1672-4F8B-A090-7C4E792A8F97}.ContractsDebug|x64.Build.0 = ContractsDebug|x64
		{A5ADED6D-1672-4F8B-A090-7C4E792A8F97}.ContractsRelease|Any CPU.ActiveCfg = ContractsRelease|x64
		{A5ADED6D-1672-4F8B-A090-7C4E792A8F97}.ContractsRelease|Any CPU.Build.0 = ContractsRelease|x64
		{A5ADED6D-1672-4F8B-A090-7C4E792A8F97}.ContractsRelease|x64.ActiveCfg = ContractsRelease|x64
		{A5ADED6D-1672-4F8B-A090-7C4E792A8F97}.ContractsRelease|x64.Build.0 = ContractsRelease|x64
		{A5ADED6D-1672-4F8B-A090-7C4E792A8F97}.Debug|Any CPU.ActiveCfg = Debug|x64
		{A5ADED6D-1672-4F8B-A090-7C4E792A8F97}.Debug|Any CPU.Build.0 = Debug|x64
		{A5ADED6D-1672-4F8B-A090-7C4E792A8F97}.Debug|x64.ActiveCfg = Debug|x64
		{A5ADED6D-1672-4F8B-A090-7C4E792A8F97}.Debug|x64.Build.0 = Debug|x64
		{A5ADED6D-1672-4F8B-A090-7C4E792A8F97}.ImplDebug|Any CPU.ActiveCfg = ImplDebug|x64
		{A5ADED6D-1672-4F8B-A090-7C4E792A8F97}.ImplDebug|Any CPU.Build.0 = ImplDebug|x64
		{A5ADED6D-1672-4F8B-A090-7C4E792A8F97}.ImplDebug|x64.ActiveCfg = ImplDebug|x64
		{A5ADED6D-1672-4F8B-A090-7C4E792A8F97}.ImplDebug|x64.Build.0 = ImplDebug|x64
		{A5ADED6D-1672-4F8B-A090-7C4E792A8F97}.ImplRelease|Any CPU.ActiveCfg = ImplRelease|x64
		{A5ADED6D-1672-4F8B-A090-7C4E792A8F97}.ImplRelease|Any CPU.Build.0 = ImplRelease|x64
		{A5ADED6D-1672-4F8B-A090-7C4E792A8F97}.ImplRelease|x64.ActiveCfg = ImplRelease|x64
		{A5ADED6D-1672-4F8B-A090-7C4E792A8F97}.ImplRelease|x64.Build.0 = ImplRelease|x64
		{A5ADED6D-1672-4F8B-A090-7C4E792A8F97}.Release|Any CPU.ActiveCfg = Release|x64
		{A5ADED6D-1672-4F8B-A090-7C4E792A8F97}.Release|Any CPU.Build.0 = Release|x64
		{A5ADED6D-1672-4F8B-A090-7C4E792A8F97}.Release|x64.ActiveCfg = Release|x64
		{A5ADED6D-1672-4F8B-A090-7C4E792A8F97}.Release|x64.Build.0 = Release|x64
		{68287788-1999-4424-92B9-D11C039E0A81}.AppsDebug|Any CPU.ActiveCfg = AppsDebug|x64
		{68287788-1999-4424-92B9-D11C039E0A81}.AppsDebug|Any CPU.Build.0 = AppsDebug|x64
		{68287788-1999-4424-92B9-D11C039E0A81}.AppsDebug|x64.ActiveCfg = AppsDebug|x64
		{68287788-1999-4424-92B9-D11C039E0A81}.AppsDebug|x64.Build.0 = AppsDebug|x64
		{68287788-1999-4424-92B9-D11C039E0A81}.AppsRelease|Any CPU.ActiveCfg = AppsRelease|x64
		{68287788-1999-4424-92B9-D11C039E0A81}.AppsRelease|Any CPU.Build.0 = AppsRelease|x64
		{68287788-1999-4424-92B9-D11C039E0A81}.AppsRelease|x64.ActiveCfg = AppsRelease|x64
		{68287788-1999-4424-92B9-D11C039E0A81}.AppsRelease|x64.Build.0 = AppsRelease|x64
		{68287788-1999-4424-92B9-D11C039E0A81}.ContractsDebug|Any CPU.ActiveCfg = ContractsDebug|x64
		{68287788-1999-4424-92B9-D11C039E0A81}.ContractsDebug|Any CPU.Build.0 = ContractsDebug|x64
		{68287788-1999-4424-92B9-D11C039E0A81}.ContractsDebug|x64.ActiveCfg = ContractsDebug|x64
		{68287788-1999-4424-92B9-D11C039E0A81}.ContractsDebug|x64.Build.0 = ContractsDebug|x64
		{68287788-1999-4424-92B9-D11C039E0A81}.ContractsRelease|Any CPU.ActiveCfg = ContractsRelease|x64
		{68287788-1999-4424-92B9-D11C039E0A81}.ContractsRelease|Any CPU.Build.0 = ContractsRelease|x64
		{68287788-1999-4424-92B9-D11C039E0A81}.ContractsRelease|x64.ActiveCfg = ContractsRelease|x64
		{68287788-1999-4424-92B9-D11C039E0A81}.ContractsRelease|x64.Build.0 = ContractsRelease|x64
		{68287788-1999-4424-92B9-D11C039E0A81}.Debug|Any CPU.ActiveCfg = Debug|x64
		{68287788-1999-4424-92B9-D11C039E0A81}.Debug|Any CPU.Build.0 = Debug|x64
		{68287788-1999-4424-92B9-D11C039E0A81}.Debug|x64.ActiveCfg = Debug|x64
		{68287788-1999-4424-92B9-D11C039E0A81}.Debug|x64.Build.0 = Debug|x64
		{68287788-1999-4424-92B9-D11C039E0A81}.ImplDebug|Any CPU.ActiveCfg = ImplDebug|x64
		{68287788-1999-4424-92B9-D11C039E0A81}.ImplDebug|Any CPU.Build.0 = ImplDebug|x64
		{68287788-1999-4424-92B9-D11C039E0A81}.ImplDebug|x64.ActiveCfg = ImplDebug|x64
		{68287788-1999-4424-92B9-D11C039E0A81}.ImplDebug|x64.Build.0 = ImplDebug|x64
		{68287788-1999-4424-92B9-D11C039E0A81}.ImplRelease|Any CPU.ActiveCfg = ImplRelease|x64
		{68287788-1999-4424-92B9-D11C039E0A81}.ImplRelease|Any CPU.Build.0 = ImplRelease|x64
		{68287788-1999-4424-92B9-D11C039E0A81}.ImplRelease|x64.ActiveCfg = ImplRelease|x64
		{68287788-1999-4424-92B9-D11C039E0A81}.ImplRelease|x64.Build.0 = ImplRelease|x64
		{68287788-1999-4424-92B9-D11C039E0A81}.Release|Any CPU.ActiveCfg = Release|x64
		{68287788-1999-4424-92B9-D11C039E0A81}.Release|Any CPU.Build.0 = Release|x64
		{68287788-1999-4424-92B9-D11C039E0A81}.Release|x64.ActiveCfg = Release|x64
		{68287788-1999-4424-92B9-D11C039E0A81}.Release|x64.Build.0 = Release|x64
		{4D7962A8-EDBF-4DC0-AD3D-B6B2425B04AD}.AppsDebug|Any CPU.ActiveCfg = AppsDebug|x64
		{4D7962A8-EDBF-4DC0-AD3D-B6B2425B04AD}.AppsDebug|Any CPU.Build.0 = AppsDebug|x64
		{4D7962A8-EDBF-4DC0-AD3D-B6B2425B04AD}.AppsDebug|x64.ActiveCfg = AppsDebug|x64
		{4D7962A8-EDBF-4DC0-AD3D-B6B2425B04AD}.AppsDebug|x64.Build.0 = AppsDebug|x64
		{4D7962A8-EDBF-4DC0-AD3D-B6B2425B04AD}.AppsRelease|Any CPU.ActiveCfg = AppsRelease|x64
		{4D7962A8-EDBF-4DC0-AD3D-B6B2425B04AD}.AppsRelease|Any CPU.Build.0 = AppsRelease|x64
		{4D7962A8-EDBF-4DC0-AD3D-B6B2425B04AD}.AppsRelease|x64.ActiveCfg = AppsRelease|x64
		{4D7962A8-EDBF-4DC0-AD3D-B6B2425B04AD}.AppsRelease|x64.Build.0 = AppsRelease|x64
		{4D7962A8-EDBF-4DC0-AD3D-B6B2425B04AD}.ContractsDebug|Any CPU.ActiveCfg = ContractsDebug|x64
		{4D7962A8-EDBF-4DC0-AD3D-B6B2425B04AD}.ContractsDebug|Any CPU.Build.0 = ContractsDebug|x64
		{4D7962A8-EDBF-4DC0-AD3D-B6B2425B04AD}.ContractsDebug|x64.ActiveCfg = ContractsDebug|x64
		{4D7962A8-EDBF-4DC0-AD3D-B6B2425B04AD}.ContractsDebug|x64.Build.0 = ContractsDebug|x64
		{4D7962A8-EDBF-4DC0-AD3D-B6B2425B04AD}.ContractsRelease|Any CPU.ActiveCfg = ContractsRelease|x64
		{4D7962A8-EDBF-4DC0-AD3D-B6B2425B04AD}.ContractsRelease|Any CPU.Build.0 = ContractsRelease|x64
		{4D7962A8-EDBF-4DC0-AD3D-B6B2425B04AD}.ContractsRelease|x64.ActiveCfg = ContractsRelease|x64
		{4D7962A8-EDBF-4DC0-AD3D-B6B2425B04AD}.ContractsRelease|x64.Build.0 = ContractsRelease|x64
		{4D7962A8-EDBF-4DC0-AD3D-B6B2425B04AD}.Debug|Any CPU.ActiveCfg = Debug|x64
		{4D7962A8-EDBF-4DC0-AD3D-B6B2425B04AD}.Debug|Any CPU.Build.0 = Debug|x64
		{4D7962A8-EDBF-4DC0-AD3D-B6B2425B04AD}.Debug|x64.ActiveCfg = Debug|x64
		{4D7962A8-EDBF-4DC0-AD3D-B6B2425B04AD}.Debug|x64.Build.0 = Debug|x64
		{4D7962A8-EDBF-4DC0-AD3D-B6B2425B04AD}.ImplDebug|Any CPU.ActiveCfg = ImplDebug|x64
		{4D7962A8-EDBF-4DC0-AD3D-B6B2425B04AD}.ImplDebug|Any CPU.Build.0 = ImplDebug|x64
		{4D7962A8-EDBF-4DC0-AD3D-B6B2425B04AD}.ImplDebug|x64.ActiveCfg = ImplDebug|x64
		{4D7962A8-EDBF-4DC0-AD3D-B6B2425B04AD}.ImplDebug|x64.Build.0 = ImplDebug|x64
		{4D7962A8-EDBF-4DC0-AD3D-B6B2425B04AD}.ImplRelease|Any CPU.ActiveCfg = ImplRelease|x64
		{4D7962A8-EDBF-4DC0-AD3D-B6B2425B04AD}.ImplRelease|Any CPU.Build.0 = ImplRelease|x64
		{4D7962A8-EDBF-4DC0-AD3D-B6B2425B04AD}.ImplRelease|x64.ActiveCfg = ImplRelease|x64
		{4D7962A8-EDBF-4DC0-AD3D-B6B2425B04AD}.ImplRelease|x64.Build.0 = ImplRelease|x64
		{4D7962A8-EDBF-4DC0-AD3D-B6B2425B04AD}.Release|Any CPU.ActiveCfg = Release|x64
		{4D7962A8-EDBF-4DC0-AD3D-B6B2425B04AD}.Release|Any CPU.Build.0 = Release|x64
		{4D7962A8-EDBF-4DC0-AD3D-B6B2425B04AD}.Release|x64.ActiveCfg = Release|x64
		{4D7962A8-EDBF-4DC0-AD3D-B6B2425B04AD}.Release|x64.Build.0 = Release|x64
		{49C1971E-CED6-481C-AFDA-860E18BBC502}.AppsDebug|Any CPU.ActiveCfg = Debug|Any CPU
		{49C1971E-CED6-481C-AFDA-860E18BBC502}.AppsDebug|Any CPU.Build.0 = Debug|Any CPU
		{49C1971E-CED6-481C-AFDA-860E18BBC502}.AppsDebug|x64.ActiveCfg = Debug|Any CPU
		{49C1971E-CED6-481C-AFDA-860E18BBC502}.AppsDebug|x64.Build.0 = Debug|Any CPU
		{49C1971E-CED6-481C-AFDA-860E18BBC502}.AppsRelease|Any CPU.ActiveCfg = Release|Any CPU
		{49C1971E-CED6-481C-AFDA-860E18BBC502}.AppsRelease|Any CPU.Build.0 = Release|Any CPU
		{49C1971E-CED6-481C-AFDA-860E18BBC502}.AppsRelease|x64.ActiveCfg = Release|Any CPU
		{49C1971E-CED6-481C-AFDA-860E18BBC502}.AppsRelease|x64.Build.0 = Release|Any CPU
		{49C1971E-CED6-481C-AFDA-860E18BBC502}.ContractsDebug|Any CPU.ActiveCfg = Debug|Any CPU
		{49C1971E-CED6-481C-AFDA-860E18BBC502}.ContractsDebug|Any CPU.Build.0 = Debug|Any CPU
		{49C1971E-CED6-481C-AFDA-860E18BBC502}.ContractsDebug|x64.ActiveCfg = Debug|Any CPU
		{49C1971E-CED6-481C-AFDA-860E18BBC502}.ContractsDebug|x64.Build.0 = Debug|Any CPU
		{49C1971E-CED6-481C-AFDA-860E18BBC502}.ContractsRelease|Any CPU.ActiveCfg = Release|Any CPU
		{49C1971E-CED6-481C-AFDA-860E18BBC502}.ContractsRelease|Any CPU.Build.0 = Release|Any CPU
		{49C1971E-CED6-481C-AFDA-860E18BBC502}.ContractsRelease|x64.ActiveCfg = Release|Any CPU
		{49C1971E-CED6-481C-AFDA-860E18BBC502}.ContractsRelease|x64.Build.0 = Release|Any CPU
		{49C1971E-CED6-481C-AFDA-860E18BBC502}.Debug|Any CPU.ActiveCfg = Debug|Any CPU
		{49C1971E-CED6-481C-AFDA-860E18BBC502}.Debug|Any CPU.Build.0 = Debug|Any CPU
		{49C1971E-CED6-481C-AFDA-860E18BBC502}.Debug|x64.ActiveCfg = Debug|Any CPU
		{49C1971E-CED6-481C-AFDA-860E18BBC502}.Debug|x64.Build.0 = Debug|Any CPU
		{49C1971E-CED6-481C-AFDA-860E18BBC502}.ImplDebug|Any CPU.ActiveCfg = Debug|Any CPU
		{49C1971E-CED6-481C-AFDA-860E18BBC502}.ImplDebug|Any CPU.Build.0 = Debug|Any CPU
		{49C1971E-CED6-481C-AFDA-860E18BBC502}.ImplDebug|x64.ActiveCfg = Debug|Any CPU
		{49C1971E-CED6-481C-AFDA-860E18BBC502}.ImplDebug|x64.Build.0 = Debug|Any CPU
		{49C1971E-CED6-481C-AFDA-860E18BBC502}.ImplRelease|Any CPU.ActiveCfg = Release|Any CPU
		{49C1971E-CED6-481C-AFDA-860E18BBC502}.ImplRelease|Any CPU.Build.0 = Release|Any CPU
		{49C1971E-CED6-481C-AFDA-860E18BBC502}.ImplRelease|x64.ActiveCfg = Release|Any CPU
		{49C1971E-CED6-481C-AFDA-860E18BBC502}.ImplRelease|x64.Build.0 = Release|Any CPU
		{49C1971E-CED6-481C-AFDA-860E18BBC502}.Release|Any CPU.ActiveCfg = Release|Any CPU
		{49C1971E-CED6-481C-AFDA-860E18BBC502}.Release|Any CPU.Build.0 = Release|Any CPU
		{49C1971E-CED6-481C-AFDA-860E18BBC502}.Release|x64.ActiveCfg = Release|Any CPU
		{49C1971E-CED6-481C-AFDA-860E18BBC502}.Release|x64.Build.0 = Release|Any CPU
		{3F9E98C4-B359-4EA3-8127-D2DE027806F5}.AppsDebug|Any CPU.ActiveCfg = Debug|Any CPU
		{3F9E98C4-B359-4EA3-8127-D2DE027806F5}.AppsDebug|Any CPU.Build.0 = Debug|Any CPU
		{3F9E98C4-B359-4EA3-8127-D2DE027806F5}.AppsDebug|x64.ActiveCfg = Debug|Any CPU
		{3F9E98C4-B359-4EA3-8127-D2DE027806F5}.AppsDebug|x64.Build.0 = Debug|Any CPU
		{3F9E98C4-B359-4EA3-8127-D2DE027806F5}.AppsRelease|Any CPU.ActiveCfg = Release|Any CPU
		{3F9E98C4-B359-4EA3-8127-D2DE027806F5}.AppsRelease|Any CPU.Build.0 = Release|Any CPU
		{3F9E98C4-B359-4EA3-8127-D2DE027806F5}.AppsRelease|x64.ActiveCfg = Release|Any CPU
		{3F9E98C4-B359-4EA3-8127-D2DE027806F5}.AppsRelease|x64.Build.0 = Release|Any CPU
		{3F9E98C4-B359-4EA3-8127-D2DE027806F5}.ContractsDebug|Any CPU.ActiveCfg = Debug|Any CPU
		{3F9E98C4-B359-4EA3-8127-D2DE027806F5}.ContractsDebug|Any CPU.Build.0 = Debug|Any CPU
		{3F9E98C4-B359-4EA3-8127-D2DE027806F5}.ContractsDebug|x64.ActiveCfg = Debug|Any CPU
		{3F9E98C4-B359-4EA3-8127-D2DE027806F5}.ContractsDebug|x64.Build.0 = Debug|Any CPU
		{3F9E98C4-B359-4EA3-8127-D2DE027806F5}.ContractsRelease|Any CPU.ActiveCfg = Release|Any CPU
		{3F9E98C4-B359-4EA3-8127-D2DE027806F5}.ContractsRelease|Any CPU.Build.0 = Release|Any CPU
		{3F9E98C4-B359-4EA3-8127-D2DE027806F5}.ContractsRelease|x64.ActiveCfg = Release|Any CPU
		{3F9E98C4-B359-4EA3-8127-D2DE027806F5}.ContractsRelease|x64.Build.0 = Release|Any CPU
		{3F9E98C4-B359-4EA3-8127-D2DE027806F5}.Debug|Any CPU.ActiveCfg = Debug|Any CPU
		{3F9E98C4-B359-4EA3-8127-D2DE027806F5}.Debug|Any CPU.Build.0 = Debug|Any CPU
		{3F9E98C4-B359-4EA3-8127-D2DE027806F5}.Debug|x64.ActiveCfg = Debug|Any CPU
		{3F9E98C4-B359-4EA3-8127-D2DE027806F5}.Debug|x64.Build.0 = Debug|Any CPU
		{3F9E98C4-B359-4EA3-8127-D2DE027806F5}.ImplDebug|Any CPU.ActiveCfg = Debug|Any CPU
		{3F9E98C4-B359-4EA3-8127-D2DE027806F5}.ImplDebug|Any CPU.Build.0 = Debug|Any CPU
		{3F9E98C4-B359-4EA3-8127-D2DE027806F5}.ImplDebug|x64.ActiveCfg = Debug|Any CPU
		{3F9E98C4-B359-4EA3-8127-D2DE027806F5}.ImplDebug|x64.Build.0 = Debug|Any CPU
		{3F9E98C4-B359-4EA3-8127-D2DE027806F5}.ImplRelease|Any CPU.ActiveCfg = Release|Any CPU
		{3F9E98C4-B359-4EA3-8127-D2DE027806F5}.ImplRelease|Any CPU.Build.0 = Release|Any CPU
		{3F9E98C4-B359-4EA3-8127-D2DE027806F5}.ImplRelease|x64.ActiveCfg = Release|Any CPU
		{3F9E98C4-B359-4EA3-8127-D2DE027806F5}.ImplRelease|x64.Build.0 = Release|Any CPU
		{3F9E98C4-B359-4EA3-8127-D2DE027806F5}.Release|Any CPU.ActiveCfg = Release|Any CPU
		{3F9E98C4-B359-4EA3-8127-D2DE027806F5}.Release|Any CPU.Build.0 = Release|Any CPU
		{3F9E98C4-B359-4EA3-8127-D2DE027806F5}.Release|x64.ActiveCfg = Release|Any CPU
		{3F9E98C4-B359-4EA3-8127-D2DE027806F5}.Release|x64.Build.0 = Release|Any CPU
	EndGlobalSection
	GlobalSection(SolutionProperties) = preSolution
		HideSolutionNode = FALSE
	EndGlobalSection
	GlobalSection(ExtensibilityGlobals) = postSolution
		SolutionGuid = {F5E258B0-9EC6-48C6-8B65-ED7B6C3C953F}
	EndGlobalSection
EndGlobal
